
Microsoft Visual Studio Solution File, Format Version 12.00
# Visual Studio Version 17
VisualStudioVersion = 17.8.34330.188
MinimumVisualStudioVersion = 10.0.40219.1
Project("{FAE04EC0-301F-11D3-BF4B-00C04F79EFBC}") = "ConceitosBasicos", "ConceitosBasicos\ConceitosBasicos.csproj", "{69C4A18F-475C-4368-9F89-E77958392629}"
EndProject
Global
	GlobalSection(SolutionConfigurationPlatforms) = preSolution
		Debug|Any CPU = Debug|Any CPU
		Release|Any CPU = Release|Any CPU
	EndGlobalSection
	GlobalSection(ProjectConfigurationPlatforms) = postSolution
		{69C4A18F-475C-4368-9F89-E77958392629}.Debug|Any CPU.ActiveCfg = Debug|Any CPU
		{69C4A18F-475C-4368-9F89-E77958392629}.Debug|Any CPU.Build.0 = Debug|Any CPU
		{69C4A18F-475C-4368-9F89-E77958392629}.Release|Any CPU.ActiveCfg = Release|Any CPU
		{69C4A18F-475C-4368-9F89-E77958392629}.Release|Any CPU.Build.0 = Release|Any CPU
	EndGlobalSection
	GlobalSection(SolutionProperties) = preSolution
		HideSolutionNode = FALSE
	EndGlobalSection
	GlobalSection(ExtensibilityGlobals) = postSolution
		SolutionGuid = {D32FABA3-02C4-4AB8-9427-252F1FCABF3B}
	EndGlobalSection
EndGlobal
