
Microsoft Visual Studio Solution File, Format Version 12.00
# Visual Studio Version 17
VisualStudioVersion = 17.8.34330.188
MinimumVisualStudioVersion = 10.0.40219.1
Project("{FAE04EC0-301F-11D3-BF4B-00C04F79EFBC}") = "EntradaDeDados2", "EntradaDeDados2\EntradaDeDados2.csproj", "{990DB247-3AD9-4171-B8EB-040B61333311}"
EndProject
Global
	GlobalSection(SolutionConfigurationPlatforms) = preSolution
		Debug|Any CPU = Debug|Any CPU
		Release|Any CPU = Release|Any CPU
	EndGlobalSection
	GlobalSection(ProjectConfigurationPlatforms) = postSolution
		{990DB247-3AD9-4171-B8EB-040B61333311}.Debug|Any CPU.ActiveCfg = Debug|Any CPU
		{990DB247-3AD9-4171-B8EB-040B61333311}.Debug|Any CPU.Build.0 = Debug|Any CPU
		{990DB247-3AD9-4171-B8EB-040B61333311}.Release|Any CPU.ActiveCfg = Release|Any CPU
		{990DB247-3AD9-4171-B8EB-040B61333311}.Release|Any CPU.Build.0 = Release|Any CPU
	EndGlobalSection
	GlobalSection(SolutionProperties) = preSolution
		HideSolutionNode = FALSE
	EndGlobalSection
	GlobalSection(ExtensibilityGlobals) = postSolution
		SolutionGuid = {B1F33D3F-BCF8-4967-A577-D53055CCD42E}
	EndGlobalSection
EndGlobal
