
Microsoft Visual Studio Solution File, Format Version 12.00
# Visual Studio Version 17
VisualStudioVersion = 17.8.34330.188
MinimumVisualStudioVersion = 10.0.40219.1
Project("{FAE04EC0-301F-11D3-BF4B-00C04F79EFBC}") = "Baskara", "Baskara\Baskara.csproj", "{CEE533EF-1BFB-4360-B1D0-AD4C0BF26AA6}"
EndProject
Global
	GlobalSection(SolutionConfigurationPlatforms) = preSolution
		Debug|Any CPU = Debug|Any CPU
		Release|Any CPU = Release|Any CPU
	EndGlobalSection
	GlobalSection(ProjectConfigurationPlatforms) = postSolution
		{CEE533EF-1BFB-4360-B1D0-AD4C0BF26AA6}.Debug|Any CPU.ActiveCfg = Debug|Any CPU
		{CEE533EF-1BFB-4360-B1D0-AD4C0BF26AA6}.Debug|Any CPU.Build.0 = Debug|Any CPU
		{CEE533EF-1BFB-4360-B1D0-AD4C0BF26AA6}.Release|Any CPU.ActiveCfg = Release|Any CPU
		{CEE533EF-1BFB-4360-B1D0-AD4C0BF26AA6}.Release|Any CPU.Build.0 = Release|Any CPU
	EndGlobalSection
	GlobalSection(SolutionProperties) = preSolution
		HideSolutionNode = FALSE
	EndGlobalSection
	GlobalSection(ExtensibilityGlobals) = postSolution
		SolutionGuid = {357ABF09-2295-4A67-B572-58B112E20700}
	EndGlobalSection
EndGlobal
